
Microsoft Visual Studio Solution File, Format Version 12.00
# Visual Studio Version 17
VisualStudioVersion = 17.8.34330.188
MinimumVisualStudioVersion = 10.0.40219.1
Project("{FAE04EC0-301F-11D3-BF4B-00C04F79EFBC}") = "Internship.Web", "Internship.Web\Internship.Web.csproj", "{1630E576-41F0-410B-AC09-CFD928C5E44F}"
EndProject
Project("{FAE04EC0-301F-11D3-BF4B-00C04F79EFBC}") = "Internship.Domain", "Internship.Domain\Internship.Domain.csproj", "{1D955544-BBAF-41A0-87E4-BF2CD5A699B0}"
EndProject
Project("{FAE04EC0-301F-11D3-BF4B-00C04F79EFBC}") = "Internship.Application", "Internship.Application\Internship.Application.csproj", "{5CDE5EE1-6743-4B15-816E-00E828FE7F46}"
EndProject
Project("{FAE04EC0-301F-11D3-BF4B-00C04F79EFBC}") = "Internship.Infrastructure", "Internship.Infrastructure\Internship.Infrastructure.csproj", "{71E28235-68CC-4269-B72B-FDA246DFD7DC}"
EndProject
Global
	GlobalSection(SolutionConfigurationPlatforms) = preSolution
		Debug|Any CPU = Debug|Any CPU
		Release|Any CPU = Release|Any CPU
	EndGlobalSection
	GlobalSection(ProjectConfigurationPlatforms) = postSolution
		{1630E576-41F0-410B-AC09-CFD928C5E44F}.Debug|Any CPU.ActiveCfg = Debug|Any CPU
		{1630E576-41F0-410B-AC09-CFD928C5E44F}.Debug|Any CPU.Build.0 = Debug|Any CPU
		{1630E576-41F0-410B-AC09-CFD928C5E44F}.Release|Any CPU.ActiveCfg = Release|Any CPU
		{1630E576-41F0-410B-AC09-CFD928C5E44F}.Release|Any CPU.Build.0 = Release|Any CPU
		{1D955544-BBAF-41A0-87E4-BF2CD5A699B0}.Debug|Any CPU.ActiveCfg = Debug|Any CPU
		{1D955544-BBAF-41A0-87E4-BF2CD5A699B0}.Debug|Any CPU.Build.0 = Debug|Any CPU
		{1D955544-BBAF-41A0-87E4-BF2CD5A699B0}.Release|Any CPU.ActiveCfg = Release|Any CPU
		{1D955544-BBAF-41A0-87E4-BF2CD5A699B0}.Release|Any CPU.Build.0 = Release|Any CPU
		{5CDE5EE1-6743-4B15-816E-00E828FE7F46}.Debug|Any CPU.ActiveCfg = Debug|Any CPU
		{5CDE5EE1-6743-4B15-816E-00E828FE7F46}.Debug|Any CPU.Build.0 = Debug|Any CPU
		{5CDE5EE1-6743-4B15-816E-00E828FE7F46}.Release|Any CPU.ActiveCfg = Release|Any CPU
		{5CDE5EE1-6743-4B15-816E-00E828FE7F46}.Release|Any CPU.Build.0 = Release|Any CPU
		{71E28235-68CC-4269-B72B-FDA246DFD7DC}.Debug|Any CPU.ActiveCfg = Debug|Any CPU
		{71E28235-68CC-4269-B72B-FDA246DFD7DC}.Debug|Any CPU.Build.0 = Debug|Any CPU
		{71E28235-68CC-4269-B72B-FDA246DFD7DC}.Release|Any CPU.ActiveCfg = Release|Any CPU
		{71E28235-68CC-4269-B72B-FDA246DFD7DC}.Release|Any CPU.Build.0 = Release|Any CPU
	EndGlobalSection
	GlobalSection(SolutionProperties) = preSolution
		HideSolutionNode = FALSE
	EndGlobalSection
	GlobalSection(ExtensibilityGlobals) = postSolution
		SolutionGuid = {E6941750-6D75-4468-B81A-E04E7889119F}
	EndGlobalSection
EndGlobal
